
Microsoft Visual Studio Solution File, Format Version 12.00
# Visual Studio 2012
Project("{8BC9CEB8-8B4A-11D0-8D11-00A0C91BC942}") = "Bomberman-Visual-Studio", "Bomberman-Visual-Studio.vcxproj", "{2FF6431A-29C2-45BC-B7BD-9CF4C4697254}"
EndProject
Global
	GlobalSection(SolutionConfigurationPlatforms) = preSolution
		Debug|Win32 = Debug|Win32
		Release|Win32 = Release|Win32
	EndGlobalSection
	GlobalSection(ProjectConfigurationPlatforms) = postSolution
		{2FF6431A-29C2-45BC-B7BD-9CF4C4697254}.Debug|Win32.ActiveCfg = Debug|Win32
		{2FF6431A-29C2-45BC-B7BD-9CF4C4697254}.Debug|Win32.Build.0 = Debug|Win32
		{2FF6431A-29C2-45BC-B7BD-9CF4C4697254}.Release|Win32.ActiveCfg = Release|Win32
		{2FF6431A-29C2-45BC-B7BD-9CF4C4697254}.Release|Win32.Build.0 = Release|Win32
	EndGlobalSection
	GlobalSection(SolutionProperties) = preSolution
		HideSolutionNode = FALSE
	EndGlobalSection
EndGlobal
